{
  "requires": true,
  "lockfileVersion": 1,
  "dependencies": {
    "array-index": {
      "version": "1.0.0",
      "resolved": "https://registry.npmjs.org/array-index/-/array-index-1.0.0.tgz",
      "integrity": "sha1-7FanSe4QPk4Ix5C5w1PfFgVbl/k=",
      "requires": {
        "debug": "^2.2.0",
        "es6-symbol": "^3.0.2"
      },
      "dependencies": {
        "debug": {
          "version": "2.6.9",
          "resolved": "https://registry.npmjs.org/debug/-/debug-2.6.9.tgz",
          "integrity": "sha512-bC7ElrdJaJnPbAP+1EotYvqZsb3ecl5wi6Bfi6BJTUcNowp6cvspg0jXznRTKDjm/E7AdgFBVeAPVMNcKGsHMA==",
          "requires": {
            "ms": "2.0.0"
          }
        }
      }
    },
    "bindings": {
      "version": "1.5.0",
      "resolved": "https://registry.npmjs.org/bindings/-/bindings-1.5.0.tgz",
      "integrity": "sha512-p2q/t/mhvuOj/UeLlV6566GD/guowlr0hHxClI0W9m7MWYkL1F0hLo+0Aexs9HSPCtR1SXQ0TD3MMKrXZajbiQ==",
      "requires": {
        "file-uri-to-path": "1.0.0"
      }
    },
    "d": {
      "version": "1.0.1",
      "resolved": "https://registry.npmjs.org/d/-/d-1.0.1.tgz",
      "integrity": "sha512-m62ShEObQ39CfralilEQRjH6oAMtNCV1xJyEx5LpRYUVN+EviphDgUc/F3hnYbADmkiNs67Y+3ylmlG7Lnu+FA==",
      "requires": {
        "es5-ext": "^0.10.50",
        "type": "^1.0.1"
      }
    },
    "debug": {
      "version": "4.1.1",
      "resolved": "https://registry.npmjs.org/debug/-/debug-4.1.1.tgz",
      "integrity": "sha512-pYAIzeRo8J6KPEaJ0VWOh5Pzkbw/RetuzehGM7QRRX5he4fPHx2rdKMB256ehJCkX+XRQm16eZLqLNS8RSZXZw==",
      "requires": {
        "ms": "^2.1.1"
      },
      "dependencies": {
        "ms": {
          "version": "2.1.2",
          "resolved": "https://registry.npmjs.org/ms/-/ms-2.1.2.tgz",
          "integrity": "sha512-sGkPx+VjMtmA6MX27oA4FBFELFCZZ4S4XqeGOXCv68tT+jb3vk/RyaKWP0PTKyWtmLSM0b+adUTEvbs1PEaH2w=="
        }
      }
    },
    "es5-ext": {
      "version": "0.10.51",
      "resolved": "https://registry.npmjs.org/es5-ext/-/es5-ext-0.10.51.tgz",
      "integrity": "sha512-oRpWzM2WcLHVKpnrcyB7OW8j/s67Ba04JCm0WnNv3RiABSvs7mrQlutB8DBv793gKcp0XENR8Il8WxGTlZ73gQ==",
      "requires": {
        "es6-iterator": "~2.0.3",
        "es6-symbol": "~3.1.1",
        "next-tick": "^1.0.0"
      }
    },
    "es6-iterator": {
      "version": "2.0.3",
      "resolved": "https://registry.npmjs.org/es6-iterator/-/es6-iterator-2.0.3.tgz",
      "integrity": "sha1-p96IkUGgWpSwhUQDstCg+/qY87c=",
      "requires": {
        "d": "1",
        "es5-ext": "^0.10.35",
        "es6-symbol": "^3.1.1"
      }
    },
    "es6-symbol": {
      "version": "3.1.2",
      "resolved": "https://registry.npmjs.org/es6-symbol/-/es6-symbol-3.1.2.tgz",
      "integrity": "sha512-/ZypxQsArlv+KHpGvng52/Iz8by3EQPxhmbuz8yFG89N/caTFBSbcXONDw0aMjy827gQg26XAjP4uXFvnfINmQ==",
      "requires": {
        "d": "^1.0.1",
        "es5-ext": "^0.10.51"
      }
    },
    "file-uri-to-path": {
      "version": "1.0.0",
      "resolved": "https://registry.npmjs.org/file-uri-to-path/-/file-uri-to-path-1.0.0.tgz",
      "integrity": "sha512-0Zt+s3L7Vf1biwWZ29aARiVYLx7iMGnEUl9x33fbB/j3jR81u/O2LbqK+Bm1CDSNDKVtJ/YjwY7TUd5SkeLQLw=="
    },
    "ioctl": {
      "version": "2.0.2",
      "resolved": "https://registry.npmjs.org/ioctl/-/ioctl-2.0.2.tgz",
      "integrity": "sha512-GPEiU99bJb3Z50JDRujQ9t+q4JaRvc1UrD7F5/kHDVWlRA3L4TMwqbMw/XIu/BzqccFP8OfsK+JIXmlAvJDs1g==",
      "requires": {
        "bindings": "^1.5.0",
        "nan": "^2.14.0"
      }
    },
    "linuxduino": {
      "version": "file:../../npm/linuxduino-0.1.9.tgz",
      "integrity": "sha512-SCb8w3XDAgC9HaRpiI+HKMLiqMX7az9PfOCWuc9Z+FgEEOgZiANQfPL7nqDfTQQTn2CoTfXzg7MJZRp1vnOE/g==",
      "requires": {
        "ioctl": "^2.0.1",
        "ref2": "^1.0.0"
      }
    },
    "ms": {
      "version": "2.0.0",
      "resolved": "https://registry.npmjs.org/ms/-/ms-2.0.0.tgz",
      "integrity": "sha1-VgiurfwAvmwpAd9fmGF4jeDVl8g="
    },
    "nan": {
      "version": "2.14.0",
      "resolved": "https://registry.npmjs.org/nan/-/nan-2.14.0.tgz",
      "integrity": "sha512-INOFj37C7k3AfaNTtX8RhsTw7qRy7eLET14cROi9+5HAVbbHuIWUHEauBv5qT4Av2tWasiTY1Jw6puUNqRJXQg=="
    },
    "next-tick": {
      "version": "1.0.0",
      "resolved": "https://registry.npmjs.org/next-tick/-/next-tick-1.0.0.tgz",
      "integrity": "sha1-yobR/ogoFpsBICCOPchCS524NCw="
    },
    "ref2": {
      "version": "1.0.0",
      "resolved": "https://registry.npmjs.org/ref2/-/ref2-1.0.0.tgz",
      "integrity": "sha512-Ep8o5HGtgUnwnkrzIdwOWqVDjK/a6tLj01ujytYbi/Gd3HagxVgDz17UuL8y9hQ5YC8kFxBJ6MctiebK0yzdhw==",
      "requires": {
        "array-index": "1",
        "bindings": "1",
        "debug": "4",
        "nan": "2"
      }
    },
    "type": {
      "version": "1.2.0",
      "resolved": "https://registry.npmjs.org/type/-/type-1.2.0.tgz",
      "integrity": "sha512-+5nt5AAniqsCnu2cEQQdpzCAh33kVx8n0VoFidKpB1dVVLAN/F+bgVOqOJqOnEnrhp222clB5p3vUlD+1QAnfg=="
    }
  }
}
